
Microsoft Visual Studio Solution File, Format Version 12.00
# Visual Studio Version 16
VisualStudioVersion = 16.0.30320.27
MinimumVisualStudioVersion = 10.0.40219.1
Project("{9A19103F-16F7-4668-BE54-9A1E7A4F7556}") = "ElectricCarSalesTableApp", "ElectricCarSalesTableApp\ElectricCarSalesTableApp.csproj", "{A8A5BA07-41AC-4070-B7AF-B5E9AFBC783C}"
EndProject
Project("{9A19103F-16F7-4668-BE54-9A1E7A4F7556}") = "ElectricCarSalesTableApp.Core", "ElectricCarSalesTableApp.Core\ElectricCarSalesTableApp.Core.csproj", "{38447BDD-A06E-452B-AA53-D642F968C24A}"
EndProject
Global
	GlobalSection(SolutionConfigurationPlatforms) = preSolution
		Debug|Any CPU = Debug|Any CPU
		Release|Any CPU = Release|Any CPU
	EndGlobalSection
	GlobalSection(ProjectConfigurationPlatforms) = postSolution
		{A8A5BA07-41AC-4070-B7AF-B5E9AFBC783C}.Debug|Any CPU.ActiveCfg = Debug|Any CPU
		{A8A5BA07-41AC-4070-B7AF-B5E9AFBC783C}.Debug|Any CPU.Build.0 = Debug|Any CPU
		{A8A5BA07-41AC-4070-B7AF-B5E9AFBC783C}.Release|Any CPU.ActiveCfg = Release|Any CPU
		{A8A5BA07-41AC-4070-B7AF-B5E9AFBC783C}.Release|Any CPU.Build.0 = Release|Any CPU
		{38447BDD-A06E-452B-AA53-D642F968C24A}.Debug|Any CPU.ActiveCfg = Debug|Any CPU
		{38447BDD-A06E-452B-AA53-D642F968C24A}.Debug|Any CPU.Build.0 = Debug|Any CPU
		{38447BDD-A06E-452B-AA53-D642F968C24A}.Release|Any CPU.ActiveCfg = Release|Any CPU
		{38447BDD-A06E-452B-AA53-D642F968C24A}.Release|Any CPU.Build.0 = Release|Any CPU
	EndGlobalSection
	GlobalSection(SolutionProperties) = preSolution
		HideSolutionNode = FALSE
	EndGlobalSection
	GlobalSection(ExtensibilityGlobals) = postSolution
		SolutionGuid = {277CCBC3-70BC-434F-B68E-0914156851D4}
	EndGlobalSection
EndGlobal
